// !$*UTF8*$!
{
	archiveVersion = 1;
	classes = {
	};
	objectVersion = 77;
	objects = {

/* Begin PBXBuildFile section */
		FF8012CE2F16AEAA00E18390 /* FirebaseAI in Frameworks */ = {isa = PBXBuildFile; productRef = FF8012CD2F16AEAA00E18390 /* FirebaseAI */; };
		FF8012D02F16AEAA00E18390 /* FirebaseAILogic in Frameworks */ = {isa = PBXBuildFile; productRef = FF8012CF2F16AEAA00E18390 /* FirebaseAILogic */; };
		FF8012D22F16AEAA00E18390 /* FirebaseAnalytics in Frameworks */ = {isa = PBXBuildFile; productRef = FF8012D12F16AEAA00E18390 /* FirebaseAnalytics */; };
		FF8012D42F16AEAA00E18390 /* FirebaseAnalyticsCore in Frameworks */ = {isa = PBXBuildFile; productRef = FF8012D32F16AEAA00E18390 /* FirebaseAnalyticsCore */; };
		FF8012D62F16AEAA00E18390 /* FirebaseAnalyticsIdentitySupport in Frameworks */ = {isa = PBXBuildFile; productRef = FF8012D52F16AEAA00E18390 /* FirebaseAnalyticsIdentitySupport */; };
		FF8012D82F16AEAA00E18390 /* FirebaseAppCheck in Frameworks */ = {isa = PBXBuildFile; productRef = FF8012D72F16AEAA00E18390 /* FirebaseAppCheck */; };
		FF8012DA2F16AEAA00E18390 /* FirebaseAppDistribution-Beta in Frameworks */ = {isa = PBXBuildFile; productRef = FF8012D92F16AEAA00E18390 /* FirebaseAppDistribution-Beta */; };
		FF8012DC2F16AEAA00E18390 /* FirebaseAuth in Frameworks */ = {isa = PBXBuildFile; productRef = FF8012DB2F16AEAA00E18390 /* FirebaseAuth */; };
		FF8012DE2F16AEAA00E18390 /* FirebaseAuthCombine-Community in Frameworks */ = {isa = PBXBuildFile; productRef = FF8012DD2F16AEAA00E18390 /* FirebaseAuthCombine-Community */; };
		FF8012E02F16AEAA00E18390 /* FirebaseCore in Frameworks */ = {isa = PBXBuildFile; productRef = FF8012DF2F16AEAA00E18390 /* FirebaseCore */; };
		FF8012E22F16AEAA00E18390 /* FirebaseDatabase in Frameworks */ = {isa = PBXBuildFile; productRef = FF8012E12F16AEAA00E18390 /* FirebaseDatabase */; };
		FF8012E42F16AEAA00E18390 /* FirebaseFirestore in Frameworks */ = {isa = PBXBuildFile; productRef = FF8012E32F16AEAA00E18390 /* FirebaseFirestore */; };
		FF8012E62F16AEAA00E18390 /* FirebaseFirestoreCombine-Community in Frameworks */ = {isa = PBXBuildFile; productRef = FF8012E52F16AEAA00E18390 /* FirebaseFirestoreCombine-Community */; };
		FF8012E82F16AEAA00E18390 /* FirebaseFunctions in Frameworks */ = {isa = PBXBuildFile; productRef = FF8012E72F16AEAA00E18390 /* FirebaseFunctions */; };
		FF8012EA2F16AEAA00E18390 /* FirebaseFunctionsCombine-Community in Frameworks */ = {isa = PBXBuildFile; productRef = FF8012E92F16AEAA00E18390 /* FirebaseFunctionsCombine-Community */; };
		FF8012EC2F16AEAA00E18390 /* FirebaseInAppMessaging-Beta in Frameworks */ = {isa = PBXBuildFile; productRef = FF8012EB2F16AEAA00E18390 /* FirebaseInAppMessaging-Beta */; };
		FF8012EE2F16AEAA00E18390 /* FirebaseInstallations in Frameworks */ = {isa = PBXBuildFile; productRef = FF8012ED2F16AEAA00E18390 /* FirebaseInstallations */; };
		FF8012F02F16AEAA00E18390 /* FirebaseMLModelDownloader in Frameworks */ = {isa = PBXBuildFile; productRef = FF8012EF2F16AEAA00E18390 /* FirebaseMLModelDownloader */; };
		FF8012F22F16AEAA00E18390 /* FirebaseMessaging in Frameworks */ = {isa = PBXBuildFile; productRef = FF8012F12F16AEAA00E18390 /* FirebaseMessaging */; };
		FF8012F42F16AEAA00E18390 /* FirebasePerformance in Frameworks */ = {isa = PBXBuildFile; productRef = FF8012F32F16AEAA00E18390 /* FirebasePerformance */; };
		FF8012F62F16AEAA00E18390 /* FirebaseRemoteConfig in Frameworks */ = {isa = PBXBuildFile; productRef = FF8012F52F16AEAA00E18390 /* FirebaseRemoteConfig */; };
		FF8012F82F16AEAA00E18390 /* FirebaseStorage in Frameworks */ = {isa = PBXBuildFile; productRef = FF8012F72F16AEAA00E18390 /* FirebaseStorage */; };
		FF8012FA2F16AEAA00E18390 /* FirebaseStorageCombine-Community in Frameworks */ = {isa = PBXBuildFile; productRef = FF8012F92F16AEAA00E18390 /* FirebaseStorageCombine-Community */; };
		FF8012FD2F16C42600E18390 /* Stripe in Frameworks */ = {isa = PBXBuildFile; productRef = FF8012FC2F16C42600E18390 /* Stripe */; };
		FF8012FF2F16C42600E18390 /* StripeApplePay in Frameworks */ = {isa = PBXBuildFile; productRef = FF8012FE2F16C42600E18390 /* StripeApplePay */; };
		FF8013012F16C42600E18390 /* StripeCardScan in Frameworks */ = {isa = PBXBuildFile; productRef = FF8013002F16C42600E18390 /* StripeCardScan */; };
		FF8013032F16C42600E18390 /* StripeConnect in Frameworks */ = {isa = PBXBuildFile; productRef = FF8013022F16C42600E18390 /* StripeConnect */; };
		FF8013052F16C42600E18390 /* StripeFinancialConnections in Frameworks */ = {isa = PBXBuildFile; productRef = FF8013042F16C42600E18390 /* StripeFinancialConnections */; };
		FF8013072F16C42600E18390 /* StripeIdentity in Frameworks */ = {isa = PBXBuildFile; productRef = FF8013062F16C42600E18390 /* StripeIdentity */; };
		FF8013092F16C42600E18390 /* StripePaymentSheet in Frameworks */ = {isa = PBXBuildFile; productRef = FF8013082F16C42600E18390 /* StripePaymentSheet */; };
		FF80130B2F16C42600E18390 /* StripePayments in Frameworks */ = {isa = PBXBuildFile; productRef = FF80130A2F16C42600E18390 /* StripePayments */; };
		FF80130D2F16C42600E18390 /* StripePaymentsUI in Frameworks */ = {isa = PBXBuildFile; productRef = FF80130C2F16C42600E18390 /* StripePaymentsUI */; };
		FFC71E682F265647005A53A0 /* GoogleService-Info.plist in Resources */ = {isa = PBXBuildFile; fileRef = FFC71E672F265647005A53A0 /* GoogleService-Info.plist */; };
/* End PBXBuildFile section */

/* Begin PBXContainerItemProxy section */
		FF80119E2F1682F200E18390 /* PBXContainerItemProxy */ = {
			isa = PBXContainerItemProxy;
			containerPortal = FF8011852F1682F100E18390 /* Project object */;
			proxyType = 1;
			remoteGlobalIDString = FF80118C2F1682F100E18390;
			remoteInfo = LocalGuide;
		};
		FF8011A82F1682F200E18390 /* PBXContainerItemProxy */ = {
			isa = PBXContainerItemProxy;
			containerPortal = FF8011852F1682F100E18390 /* Project object */;
			proxyType = 1;
			remoteGlobalIDString = FF80118C2F1682F100E18390;
			remoteInfo = LocalGuide;
		};
/* End PBXContainerItemProxy section */

/* Begin PBXFileReference section */
		FF80118D2F1682F100E18390 /* LocalGuide.app */ = {isa = PBXFileReference; explicitFileType = wrapper.application; includeInIndex = 0; path = LocalGuide.app; sourceTree = BUILT_PRODUCTS_DIR; };
		FF80119D2F1682F200E18390 /* LocalGuideTests.xctest */ = {isa = PBXFileReference; explicitFileType = wrapper.cfbundle; includeInIndex = 0; path = LocalGuideTests.xctest; sourceTree = BUILT_PRODUCTS_DIR; };
		FF8011A72F1682F200E18390 /* LocalGuideUITests.xctest */ = {isa = PBXFileReference; explicitFileType = wrapper.cfbundle; includeInIndex = 0; path = LocalGuideUITests.xctest; sourceTree = BUILT_PRODUCTS_DIR; };
		FFC71E672F265647005A53A0 /* GoogleService-Info.plist */ = {isa = PBXFileReference; lastKnownFileType = text.plist.xml; path = "GoogleService-Info.plist"; sourceTree = "<group>"; };
/* End PBXFileReference section */

/* Begin PBXFileSystemSynchronizedBuildFileExceptionSet section */
		FF2FD4EF2F1ECA2200E0988D /* Exceptions for "LocalGuide" folder in "LocalGuide" target */ = {
			isa = PBXFileSystemSynchronizedBuildFileExceptionSet;
			membershipExceptions = (
				Info.plist,
			);
			target = FF80118C2F1682F100E18390 /* LocalGuide */;
		};
/* End PBXFileSystemSynchronizedBuildFileExceptionSet section */

/* Begin PBXFileSystemSynchronizedRootGroup section */
		FF80118F2F1682F100E18390 /* LocalGuide */ = {
			isa = PBXFileSystemSynchronizedRootGroup;
			exceptions = (
				FF2FD4EF2F1ECA2200E0988D /* Exceptions for "LocalGuide" folder in "LocalGuide" target */,
			);
			path = LocalGuide;
			sourceTree = "<group>";
		};
		FF8011A02F1682F200E18390 /* LocalGuideTests */ = {
			isa = PBXFileSystemSynchronizedRootGroup;
			path = LocalGuideTests;
			sourceTree = "<group>";
		};
		FF8011AA2F1682F200E18390 /* LocalGuideUITests */ = {
			isa = PBXFileSystemSynchronizedRootGroup;
			path = LocalGuideUITests;
			sourceTree = "<group>";
		};
/* End PBXFileSystemSynchronizedRootGroup section */

/* Begin PBXFrameworksBuildPhase section */
		FF80118A2F1682F100E18390 /* Frameworks */ = {
			isa = PBXFrameworksBuildPhase;
			buildActionMask = 2147483647;
			files = (
				FF8012FF2F16C42600E18390 /* StripeApplePay in Frameworks */,
				FF8012E62F16AEAA00E18390 /* FirebaseFirestoreCombine-Community in Frameworks */,
				FF8012E82F16AEAA00E18390 /* FirebaseFunctions in Frameworks */,
				FF8012F42F16AEAA00E18390 /* FirebasePerformance in Frameworks */,
				FF8013092F16C42600E18390 /* StripePaymentSheet in Frameworks */,
				FF8012FA2F16AEAA00E18390 /* FirebaseStorageCombine-Community in Frameworks */,
				FF8013072F16C42600E18390 /* StripeIdentity in Frameworks */,
				FF80130B2F16C42600E18390 /* StripePayments in Frameworks */,
				FF8012F62F16AEAA00E18390 /* FirebaseRemoteConfig in Frameworks */,
				FF8012FD2F16C42600E18390 /* Stripe in Frameworks */,
				FF8012DA2F16AEAA00E18390 /* FirebaseAppDistribution-Beta in Frameworks */,
				FF8012DE2F16AEAA00E18390 /* FirebaseAuthCombine-Community in Frameworks */,
				FF8012D02F16AEAA00E18390 /* FirebaseAILogic in Frameworks */,
				FF8012D62F16AEAA00E18390 /* FirebaseAnalyticsIdentitySupport in Frameworks */,
				FF8012CE2F16AEAA00E18390 /* FirebaseAI in Frameworks */,
				FF8012E42F16AEAA00E18390 /* FirebaseFirestore in Frameworks */,
				FF8012F22F16AEAA00E18390 /* FirebaseMessaging in Frameworks */,
				FF8012EE2F16AEAA00E18390 /* FirebaseInstallations in Frameworks */,
				FF8012EA2F16AEAA00E18390 /* FirebaseFunctionsCombine-Community in Frameworks */,
				FF8012D22F16AEAA00E18390 /* FirebaseAnalytics in Frameworks */,
				FF8013052F16C42600E18390 /* StripeFinancialConnections in Frameworks */,
				FF8012E02F16AEAA00E18390 /* FirebaseCore in Frameworks */,
				FF80130D2F16C42600E18390 /* StripePaymentsUI in Frameworks */,
				FF8012EC2F16AEAA00E18390 /* FirebaseInAppMessaging-Beta in Frameworks */,
				FF8013032F16C42600E18390 /* StripeConnect in Frameworks */,
				FF8012D82F16AEAA00E18390 /* FirebaseAppCheck in Frameworks */,
				FF8013012F16C42600E18390 /* StripeCardScan in Frameworks */,
				FF8012E22F16AEAA00E18390 /* FirebaseDatabase in Frameworks */,
				FF8012F02F16AEAA00E18390 /* FirebaseMLModelDownloader in Frameworks */,
				FF8012F82F16AEAA00E18390 /* FirebaseStorage in Frameworks */,
				FF8012D42F16AEAA00E18390 /* FirebaseAnalyticsCore in Frameworks */,
				FF8012DC2F16AEAA00E18390 /* FirebaseAuth in Frameworks */,
			);
			runOnlyForDeploymentPostprocessing = 0;
		};
		FF80119A2F1682F200E18390 /* Frameworks */ = {
			isa = PBXFrameworksBuildPhase;
			buildActionMask = 2147483647;
			files = (
			);
			runOnlyForDeploymentPostprocessing = 0;
		};
		FF8011A42F1682F200E18390 /* Frameworks */ = {
			isa = PBXFrameworksBuildPhase;
			buildActionMask = 2147483647;
			files = (
			);
			runOnlyForDeploymentPostprocessing = 0;
		};
/* End PBXFrameworksBuildPhase section */

/* Begin PBXGroup section */
		FF8011842F1682F100E18390 = {
			isa = PBXGroup;
			children = (
				FFC71E672F265647005A53A0 /* GoogleService-Info.plist */,
				FF80118F2F1682F100E18390 /* LocalGuide */,
				FF8011A02F1682F200E18390 /* LocalGuideTests */,
				FF8011AA2F1682F200E18390 /* LocalGuideUITests */,
				FF80118E2F1682F100E18390 /* Products */,
			);
			sourceTree = "<group>";
		};
		FF80118E2F1682F100E18390 /* Products */ = {
			isa = PBXGroup;
			children = (
				FF80118D2F1682F100E18390 /* LocalGuide.app */,
				FF80119D2F1682F200E18390 /* LocalGuideTests.xctest */,
				FF8011A72F1682F200E18390 /* LocalGuideUITests.xctest */,
			);
			name = Products;
			sourceTree = "<group>";
		};
/* End PBXGroup section */

/* Begin PBXNativeTarget section */
		FF80118C2F1682F100E18390 /* LocalGuide */ = {
			isa = PBXNativeTarget;
			buildConfigurationList = FF8011B12F1682F200E18390 /* Build configuration list for PBXNativeTarget "LocalGuide" */;
			buildPhases = (
				FF8011892F1682F100E18390 /* Sources */,
				FF80118A2F1682F100E18390 /* Frameworks */,
				FF80118B2F1682F100E18390 /* Resources */,
			);
			buildRules = (
			);
			dependencies = (
			);
			fileSystemSynchronizedGroups = (
				FF80118F2F1682F100E18390 /* LocalGuide */,
			);
			name = LocalGuide;
			packageProductDependencies = (
				FF8012CD2F16AEAA00E18390 /* FirebaseAI */,
				FF8012CF2F16AEAA00E18390 /* FirebaseAILogic */,
				FF8012D12F16AEAA00E18390 /* FirebaseAnalytics */,
				FF8012D32F16AEAA00E18390 /* FirebaseAnalyticsCore */,
				FF8012D52F16AEAA00E18390 /* FirebaseAnalyticsIdentitySupport */,
				FF8012D72F16AEAA00E18390 /* FirebaseAppCheck */,
				FF8012D92F16AEAA00E18390 /* FirebaseAppDistribution-Beta */,
				FF8012DB2F16AEAA00E18390 /* FirebaseAuth */,
				FF8012DD2F16AEAA00E18390 /* FirebaseAuthCombine-Community */,
				FF8012DF2F16AEAA00E18390 /* FirebaseCore */,
				FF8012E12F16AEAA00E18390 /* FirebaseDatabase */,
				FF8012E32F16AEAA00E18390 /* FirebaseFirestore */,
				FF8012E52F16AEAA00E18390 /* FirebaseFirestoreCombine-Community */,
				FF8012E72F16AEAA00E18390 /* FirebaseFunctions */,
				FF8012E92F16AEAA00E18390 /* FirebaseFunctionsCombine-Community */,
				FF8012EB2F16AEAA00E18390 /* FirebaseInAppMessaging-Beta */,
				FF8012ED2F16AEAA00E18390 /* FirebaseInstallations */,
				FF8012EF2F16AEAA00E18390 /* FirebaseMLModelDownloader */,
				FF8012F12F16AEAA00E18390 /* FirebaseMessaging */,
				FF8012F32F16AEAA00E18390 /* FirebasePerformance */,
				FF8012F52F16AEAA00E18390 /* FirebaseRemoteConfig */,
				FF8012F72F16AEAA00E18390 /* FirebaseStorage */,
				FF8012F92F16AEAA00E18390 /* FirebaseStorageCombine-Community */,
				FF8012FC2F16C42600E18390 /* Stripe */,
				FF8012FE2F16C42600E18390 /* StripeApplePay */,
				FF8013002F16C42600E18390 /* StripeCardScan */,
				FF8013022F16C42600E18390 /* StripeConnect */,
				FF8013042F16C42600E18390 /* StripeFinancialConnections */,
				FF8013062F16C42600E18390 /* StripeIdentity */,
				FF8013082F16C42600E18390 /* StripePaymentSheet */,
				FF80130A2F16C42600E18390 /* StripePayments */,
				FF80130C2F16C42600E18390 /* StripePaymentsUI */,
			);
			productName = LocalGuide;
			productReference = FF80118D2F1682F100E18390 /* LocalGuide.app */;
			productType = "com.apple.product-type.application";
		};
		FF80119C2F1682F200E18390 /* LocalGuideTests */ = {
			isa = PBXNativeTarget;
			buildConfigurationList = FF8011B42F1682F200E18390 /* Build configuration list for PBXNativeTarget "LocalGuideTests" */;
			buildPhases = (
				FF8011992F1682F200E18390 /* Sources */,
				FF80119A2F1682F200E18390 /* Frameworks */,
				FF80119B2F1682F200E18390 /* Resources */,
			);
			buildRules = (
			);
			dependencies = (
				FF80119F2F1682F200E18390 /* PBXTargetDependency */,
			);
			fileSystemSynchronizedGroups = (
				FF8011A02F1682F200E18390 /* LocalGuideTests */,
			);
			name = LocalGuideTests;
			packageProductDependencies = (
			);
			productName = LocalGuideTests;
			productReference = FF80119D2F1682F200E18390 /* LocalGuideTests.xctest */;
			productType = "com.apple.product-type.bundle.unit-test";
		};
		FF8011A62F1682F200E18390 /* LocalGuideUITests */ = {
			isa = PBXNativeTarget;
			buildConfigurationList = FF8011B72F1682F200E18390 /* Build configuration list for PBXNativeTarget "LocalGuideUITests" */;
			buildPhases = (
				FF8011A32F1682F200E18390 /* Sources */,
				FF8011A42F1682F200E18390 /* Frameworks */,
				FF8011A52F1682F200E18390 /* Resources */,
			);
			buildRules = (
			);
			dependencies = (
				FF8011A92F1682F200E18390 /* PBXTargetDependency */,
			);
			fileSystemSynchronizedGroups = (
				FF8011AA2F1682F200E18390 /* LocalGuideUITests */,
			);
			name = LocalGuideUITests;
			packageProductDependencies = (
			);
			productName = LocalGuideUITests;
			productReference = FF8011A72F1682F200E18390 /* LocalGuideUITests.xctest */;
			productType = "com.apple.product-type.bundle.ui-testing";
		};
/* End PBXNativeTarget section */

/* Begin PBXProject section */
		FF8011852F1682F100E18390 /* Project object */ = {
			isa = PBXProject;
			attributes = {
				BuildIndependentTargetsInParallel = 1;
				LastSwiftUpdateCheck = 1620;
				LastUpgradeCheck = 2620;
				TargetAttributes = {
					FF80118C2F1682F100E18390 = {
						CreatedOnToolsVersion = 16.2;
					};
					FF80119C2F1682F200E18390 = {
						CreatedOnToolsVersion = 16.2;
						TestTargetID = FF80118C2F1682F100E18390;
					};
					FF8011A62F1682F200E18390 = {
						CreatedOnToolsVersion = 16.2;
						TestTargetID = FF80118C2F1682F100E18390;
					};
				};
			};
			buildConfigurationList = FF8011882F1682F100E18390 /* Build configuration list for PBXProject "LocalGuide" */;
			developmentRegion = en;
			hasScannedForEncodings = 0;
			knownRegions = (
				en,
				Base,
				ro,
			);
			mainGroup = FF8011842F1682F100E18390;
			minimizedProjectReferenceProxies = 1;
			packageReferences = (
				FF8012CC2F16AEAA00E18390 /* XCRemoteSwiftPackageReference "firebase-ios-sdk" */,
				FF8012FB2F16C42600E18390 /* XCRemoteSwiftPackageReference "stripe-ios" */,
				FFA81A222F1AC12F004D9CA4 /* XCRemoteSwiftPackageReference "ios-maps-sdk" */,
			);
			preferredProjectObjectVersion = 77;
			productRefGroup = FF80118E2F1682F100E18390 /* Products */;
			projectDirPath = "";
			projectRoot = "";
			targets = (
				FF80118C2F1682F100E18390 /* LocalGuide */,
				FF80119C2F1682F200E18390 /* LocalGuideTests */,
				FF8011A62F1682F200E18390 /* LocalGuideUITests */,
			);
		};
/* End PBXProject section */

/* Begin PBXResourcesBuildPhase section */
		FF80118B2F1682F100E18390 /* Resources */ = {
			isa = PBXResourcesBuildPhase;
			buildActionMask = 2147483647;
			files = (
				FFC71E682F265647005A53A0 /* GoogleService-Info.plist in Resources */,
			);
			runOnlyForDeploymentPostprocessing = 0;
		};
		FF80119B2F1682F200E18390 /* Resources */ = {
			isa = PBXResourcesBuildPhase;
			buildActionMask = 2147483647;
			files = (
			);
			runOnlyForDeploymentPostprocessing = 0;
		};
		FF8011A52F1682F200E18390 /* Resources */ = {
			isa = PBXResourcesBuildPhase;
			buildActionMask = 2147483647;
			files = (
			);
			runOnlyForDeploymentPostprocessing = 0;
		};
/* End PBXResourcesBuildPhase section */

/* Begin PBXSourcesBuildPhase section */
		FF8011892F1682F100E18390 /* Sources */ = {
			isa = PBXSourcesBuildPhase;
			buildActionMask = 2147483647;
			files = (
			);
			runOnlyForDeploymentPostprocessing = 0;
		};
		FF8011992F1682F200E18390 /* Sources */ = {
			isa = PBXSourcesBuildPhase;
			buildActionMask = 2147483647;
			files = (
			);
			runOnlyForDeploymentPostprocessing = 0;
		};
		FF8011A32F1682F200E18390 /* Sources */ = {
			isa = PBXSourcesBuildPhase;
			buildActionMask = 2147483647;
			files = (
			);
			runOnlyForDeploymentPostprocessing = 0;
		};
/* End PBXSourcesBuildPhase section */

/* Begin PBXTargetDependency section */
		FF80119F2F1682F200E18390 /* PBXTargetDependency */ = {
			isa = PBXTargetDependency;
			target = FF80118C2F1682F100E18390 /* LocalGuide */;
			targetProxy = FF80119E2F1682F200E18390 /* PBXContainerItemProxy */;
		};
		FF8011A92F1682F200E18390 /* PBXTargetDependency */ = {
			isa = PBXTargetDependency;
			target = FF80118C2F1682F100E18390 /* LocalGuide */;
			targetProxy = FF8011A82F1682F200E18390 /* PBXContainerItemProxy */;
		};
/* End PBXTargetDependency section */

/* Begin XCBuildConfiguration section */
		FF8011AF2F1682F200E18390 /* Debug */ = {
			isa = XCBuildConfiguration;
			buildSettings = {
				ALWAYS_SEARCH_USER_PATHS = NO;
				ASSETCATALOG_COMPILER_GENERATE_SWIFT_ASSET_SYMBOL_EXTENSIONS = YES;
				CLANG_ANALYZER_LOCALIZABILITY_NONLOCALIZED = YES;
				CLANG_ANALYZER_NONNULL = YES;
				CLANG_ANALYZER_NUMBER_OBJECT_CONVERSION = YES_AGGRESSIVE;
				CLANG_CXX_LANGUAGE_STANDARD = "gnu++20";
				CLANG_ENABLE_MODULES = YES;
				CLANG_ENABLE_OBJC_ARC = YES;
				CLANG_ENABLE_OBJC_WEAK = YES;
				CLANG_WARN_BLOCK_CAPTURE_AUTORELEASING = YES;
				CLANG_WARN_BOOL_CONVERSION = YES;
				CLANG_WARN_COMMA = YES;
				CLANG_WARN_CONSTANT_CONVERSION = YES;
				CLANG_WARN_DEPRECATED_OBJC_IMPLEMENTATIONS = YES;
				CLANG_WARN_DIRECT_OBJC_ISA_USAGE = YES_ERROR;
				CLANG_WARN_DOCUMENTATION_COMMENTS = YES;
				CLANG_WARN_EMPTY_BODY = YES;
				CLANG_WARN_ENUM_CONVERSION = YES;
				CLANG_WARN_INFINITE_RECURSION = YES;
				CLANG_WARN_INT_CONVERSION = YES;
				CLANG_WARN_NON_LITERAL_NULL_CONVERSION = YES;
				CLANG_WARN_OBJC_IMPLICIT_RETAIN_SELF = YES;
				CLANG_WARN_OBJC_LITERAL_CONVERSION = YES;
				CLANG_WARN_OBJC_ROOT_CLASS = YES_ERROR;
				CLANG_WARN_QUOTED_INCLUDE_IN_FRAMEWORK_HEADER = YES;
				CLANG_WARN_RANGE_LOOP_ANALYSIS = YES;
				CLANG_WARN_STRICT_PROTOTYPES = YES;
				CLANG_WARN_SUSPICIOUS_MOVE = YES;
				CLANG_WARN_UNGUARDED_AVAILABILITY = YES_AGGRESSIVE;
				CLANG_WARN_UNREACHABLE_CODE = YES;
				CLANG_WARN__DUPLICATE_METHOD_MATCH = YES;
				COPY_PHASE_STRIP = NO;
				DEBUG_INFORMATION_FORMAT = dwarf;
				DEVELOPMENT_TEAM = BCWS23FPBM;
				ENABLE_STRICT_OBJC_MSGSEND = YES;
				ENABLE_TESTABILITY = YES;
				ENABLE_USER_SCRIPT_SANDBOXING = YES;
				GCC_C_LANGUAGE_STANDARD = gnu17;
				GCC_DYNAMIC_NO_PIC = NO;
				GCC_NO_COMMON_BLOCKS = YES;
				GCC_OPTIMIZATION_LEVEL = 0;
				GCC_PREPROCESSOR_DEFINITIONS = (
					"DEBUG=1",
					"$(inherited)",
				);
				GCC_WARN_64_TO_32_BIT_CONVERSION = YES;
				GCC_WARN_ABOUT_RETURN_TYPE = YES_ERROR;
				GCC_WARN_UNDECLARED_SELECTOR = YES;
				GCC_WARN_UNINITIALIZED_AUTOS = YES_AGGRESSIVE;
				GCC_WARN_UNUSED_FUNCTION = YES;
				GCC_WARN_UNUSED_VARIABLE = YES;
				IPHONEOS_DEPLOYMENT_TARGET = 18.2;
				LOCALIZATION_PREFERS_STRING_CATALOGS = YES;
				MTL_ENABLE_DEBUG_INFO = INCLUDE_SOURCE;
				MTL_FAST_MATH = YES;
				ONLY_ACTIVE_ARCH = YES;
				SDKROOT = iphoneos;
				STRING_CATALOG_GENERATE_SYMBOLS = YES;
				SWIFT_ACTIVE_COMPILATION_CONDITIONS = "DEBUG $(inherited)";
				SWIFT_OPTIMIZATION_LEVEL = "-Onone";
			};
			name = Debug;
		};
		FF8011B02F1682F200E18390 /* Release */ = {
			isa = XCBuildConfiguration;
			buildSettings = {
				ALWAYS_SEARCH_USER_PATHS = NO;
				ASSETCATALOG_COMPILER_GENERATE_SWIFT_ASSET_SYMBOL_EXTENSIONS = YES;
				CLANG_ANALYZER_LOCALIZABILITY_NONLOCALIZED = YES;
				CLANG_ANALYZER_NONNULL = YES;
				CLANG_ANALYZER_NUMBER_OBJECT_CONVERSION = YES_AGGRESSIVE;
				CLANG_CXX_LANGUAGE_STANDARD = "gnu++20";
				CLANG_ENABLE_MODULES = YES;
				CLANG_ENABLE_OBJC_ARC = YES;
				CLANG_ENABLE_OBJC_WEAK = YES;
				CLANG_WARN_BLOCK_CAPTURE_AUTORELEASING = YES;
				CLANG_WARN_BOOL_CONVERSION = YES;
				CLANG_WARN_COMMA = YES;
				CLANG_WARN_CONSTANT_CONVERSION = YES;
				CLANG_WARN_DEPRECATED_OBJC_IMPLEMENTATIONS = YES;
				CLANG_WARN_DIRECT_OBJC_ISA_USAGE = YES_ERROR;
				CLANG_WARN_DOCUMENTATION_COMMENTS = YES;
				CLANG_WARN_EMPTY_BODY = YES;
				CLANG_WARN_ENUM_CONVERSION = YES;
				CLANG_WARN_INFINITE_RECURSION = YES;
				CLANG_WARN_INT_CONVERSION = YES;
				CLANG_WARN_NON_LITERAL_NULL_CONVERSION = YES;
				CLANG_WARN_OBJC_IMPLICIT_RETAIN_SELF = YES;
				CLANG_WARN_OBJC_LITERAL_CONVERSION = YES;
				CLANG_WARN_OBJC_ROOT_CLASS = YES_ERROR;
				CLANG_WARN_QUOTED_INCLUDE_IN_FRAMEWORK_HEADER = YES;
				CLANG_WARN_RANGE_LOOP_ANALYSIS = YES;
				CLANG_WARN_STRICT_PROTOTYPES = YES;
				CLANG_WARN_SUSPICIOUS_MOVE = YES;
				CLANG_WARN_UNGUARDED_AVAILABILITY = YES_AGGRESSIVE;
				CLANG_WARN_UNREACHABLE_CODE = YES;
				CLANG_WARN__DUPLICATE_METHOD_MATCH = YES;
				COPY_PHASE_STRIP = NO;
				DEBUG_INFORMATION_FORMAT = "dwarf-with-dsym";
				DEVELOPMENT_TEAM = BCWS23FPBM;
				ENABLE_NS_ASSERTIONS = NO;
				ENABLE_STRICT_OBJC_MSGSEND = YES;
				ENABLE_USER_SCRIPT_SANDBOXING = YES;
				GCC_C_LANGUAGE_STANDARD = gnu17;
				GCC_NO_COMMON_BLOCKS = YES;
				GCC_WARN_64_TO_32_BIT_CONVERSION = YES;
				GCC_WARN_ABOUT_RETURN_TYPE = YES_ERROR;
				GCC_WARN_UNDECLARED_SELECTOR = YES;
				GCC_WARN_UNINITIALIZED_AUTOS = YES_AGGRESSIVE;
				GCC_WARN_UNUSED_FUNCTION = YES;
				GCC_WARN_UNUSED_VARIABLE = YES;
				IPHONEOS_DEPLOYMENT_TARGET = 18.2;
				LOCALIZATION_PREFERS_STRING_CATALOGS = YES;
				MTL_ENABLE_DEBUG_INFO = NO;
				MTL_FAST_MATH = YES;
				SDKROOT = iphoneos;
				STRING_CATALOG_GENERATE_SYMBOLS = YES;
				SWIFT_COMPILATION_MODE = wholemodule;
				VALIDATE_PRODUCT = YES;
			};
			name = Release;
		};
		FF8011B22F1682F200E18390 /* Debug */ = {
			isa = XCBuildConfiguration;
			buildSettings = {
				ASSETCATALOG_COMPILER_APPICON_NAME = AppIcon;
				ASSETCATALOG_COMPILER_GLOBAL_ACCENT_COLOR_NAME = AccentColor;
				CODE_SIGN_ENTITLEMENTS = LocalGuide/LocalGuide.entitlements;
				CODE_SIGN_STYLE = Automatic;
				CURRENT_PROJECT_VERSION = 1;
				DEVELOPMENT_ASSET_PATHS = "\"LocalGuide/Preview Content\"";
				DEVELOPMENT_TEAM = BCWS23FPBM;
				ENABLE_PREVIEWS = YES;
				GENERATE_INFOPLIST_FILE = YES;
				INFOPLIST_FILE = LocalGuide/Info.plist;
				INFOPLIST_KEY_CFBundleDisplayName = "";
				INFOPLIST_KEY_LSApplicationCategoryType = "";
				INFOPLIST_KEY_NSLocationWhenInUseUsageDescription = "We use your location to show nearby tours and experiences on the\nWe use your location to show nearby tours and experiences on the\nWe use your location to show nearby tours and experiences on the map";
				INFOPLIST_KEY_UIApplicationSceneManifest_Generation = YES;
				INFOPLIST_KEY_UIApplicationSupportsIndirectInputEvents = YES;
				INFOPLIST_KEY_UILaunchScreen_Generation = YES;
				INFOPLIST_KEY_UISupportedInterfaceOrientations_iPad = "UIInterfaceOrientationPortrait UIInterfaceOrientationPortraitUpsideDown UIInterfaceOrientationLandscapeLeft UIInterfaceOrientationLandscapeRight";
				INFOPLIST_KEY_UISupportedInterfaceOrientations_iPhone = "UIInterfaceOrientationPortrait UIInterfaceOrientationLandscapeLeft UIInterfaceOrientationLandscapeRight";
				LD_RUNPATH_SEARCH_PATHS = (
					"$(inherited)",
					"@executable_path/Frameworks",
				);
				MARKETING_VERSION = 1.0;
				PRODUCT_BUNDLE_IDENTIFIER = com.techsoft.localguides;
				PRODUCT_NAME = "$(TARGET_NAME)";
				SWIFT_EMIT_LOC_STRINGS = YES;
				SWIFT_VERSION = 5.0;
				TARGETED_DEVICE_FAMILY = "1,2";
			};
			name = Debug;
		};
		FF8011B32F1682F200E18390 /* Release */ = {
			isa = XCBuildConfiguration;
			buildSettings = {
				ASSETCATALOG_COMPILER_APPICON_NAME = AppIcon;
				ASSETCATALOG_COMPILER_GLOBAL_ACCENT_COLOR_NAME = AccentColor;
				CODE_SIGN_ENTITLEMENTS = LocalGuide/LocalGuide.entitlements;
				CODE_SIGN_STYLE = Automatic;
				CURRENT_PROJECT_VERSION = 1;
				DEVELOPMENT_ASSET_PATHS = "\"LocalGuide/Preview Content\"";
				DEVELOPMENT_TEAM = BCWS23FPBM;
				ENABLE_PREVIEWS = YES;
				GENERATE_INFOPLIST_FILE = YES;
				INFOPLIST_FILE = LocalGuide/Info.plist;
				INFOPLIST_KEY_CFBundleDisplayName = "";
				INFOPLIST_KEY_LSApplicationCategoryType = "";
				INFOPLIST_KEY_NSLocationWhenInUseUsageDescription = "We use your location to show nearby tours and experiences on the\nWe use your location to show nearby tours and experiences on the\nWe use your location to show nearby tours and experiences on the map";
				INFOPLIST_KEY_UIApplicationSceneManifest_Generation = YES;
				INFOPLIST_KEY_UIApplicationSupportsIndirectInputEvents = YES;
				INFOPLIST_KEY_UILaunchScreen_Generation = YES;
				INFOPLIST_KEY_UISupportedInterfaceOrientations_iPad = "UIInterfaceOrientationPortrait UIInterfaceOrientationPortraitUpsideDown UIInterfaceOrientationLandscapeLeft UIInterfaceOrientationLandscapeRight";
				INFOPLIST_KEY_UISupportedInterfaceOrientations_iPhone = "UIInterfaceOrientationPortrait UIInterfaceOrientationLandscapeLeft UIInterfaceOrientationLandscapeRight";
				LD_RUNPATH_SEARCH_PATHS = (
					"$(inherited)",
					"@executable_path/Frameworks",
				);
				MARKETING_VERSION = 1.0;
				PRODUCT_BUNDLE_IDENTIFIER = com.techsoft.localguides;
				PRODUCT_NAME = "$(TARGET_NAME)";
				SWIFT_EMIT_LOC_STRINGS = YES;
				SWIFT_VERSION = 5.0;
				TARGETED_DEVICE_FAMILY = "1,2";
			};
			name = Release;
		};
		FF8011B52F1682F200E18390 /* Debug */ = {
			isa = XCBuildConfiguration;
			buildSettings = {
				BUNDLE_LOADER = "$(TEST_HOST)";
				CODE_SIGN_STYLE = Automatic;
				CURRENT_PROJECT_VERSION = 1;
				GENERATE_INFOPLIST_FILE = YES;
				IPHONEOS_DEPLOYMENT_TARGET = 18.2;
				MARKETING_VERSION = 1.0;
				PRODUCT_BUNDLE_IDENTIFIER = com.techsoft.LocalGuideTests;
				PRODUCT_NAME = "$(TARGET_NAME)";
				SWIFT_EMIT_LOC_STRINGS = NO;
				SWIFT_VERSION = 5.0;
				TARGETED_DEVICE_FAMILY = "1,2";
				TEST_HOST = "$(BUILT_PRODUCTS_DIR)/LocalGuide.app/$(BUNDLE_EXECUTABLE_FOLDER_PATH)/LocalGuide";
			};
			name = Debug;
		};
		FF8011B62F1682F200E18390 /* Release */ = {
			isa = XCBuildConfiguration;
			buildSettings = {
				BUNDLE_LOADER = "$(TEST_HOST)";
				CODE_SIGN_STYLE = Automatic;
				CURRENT_PROJECT_VERSION = 1;
				GENERATE_INFOPLIST_FILE = YES;
				IPHONEOS_DEPLOYMENT_TARGET = 18.2;
				MARKETING_VERSION = 1.0;
				PRODUCT_BUNDLE_IDENTIFIER = com.techsoft.LocalGuideTests;
				PRODUCT_NAME = "$(TARGET_NAME)";
				SWIFT_EMIT_LOC_STRINGS = NO;
				SWIFT_VERSION = 5.0;
				TARGETED_DEVICE_FAMILY = "1,2";
				TEST_HOST = "$(BUILT_PRODUCTS_DIR)/LocalGuide.app/$(BUNDLE_EXECUTABLE_FOLDER_PATH)/LocalGuide";
			};
			name = Release;
		};
		FF8011B82F1682F200E18390 /* Debug */ = {
			isa = XCBuildConfiguration;
			buildSettings = {
				CODE_SIGN_STYLE = Automatic;
				CURRENT_PROJECT_VERSION = 1;
				GENERATE_INFOPLIST_FILE = YES;
				MARKETING_VERSION = 1.0;
				PRODUCT_BUNDLE_IDENTIFIER = com.techsoft.LocalGuideUITests;
				PRODUCT_NAME = "$(TARGET_NAME)";
				SWIFT_EMIT_LOC_STRINGS = NO;
				SWIFT_VERSION = 5.0;
				TARGETED_DEVICE_FAMILY = "1,2";
				TEST_TARGET_NAME = LocalGuide;
			};
			name = Debug;
		};
		FF8011B92F1682F200E18390 /* Release */ = {
			isa = XCBuildConfiguration;
			buildSettings = {
				CODE_SIGN_STYLE = Automatic;
				CURRENT_PROJECT_VERSION = 1;
				GENERATE_INFOPLIST_FILE = YES;
				MARKETING_VERSION = 1.0;
				PRODUCT_BUNDLE_IDENTIFIER = com.techsoft.LocalGuideUITests;
				PRODUCT_NAME = "$(TARGET_NAME)";
				SWIFT_EMIT_LOC_STRINGS = NO;
				SWIFT_VERSION = 5.0;
				TARGETED_DEVICE_FAMILY = "1,2";
				TEST_TARGET_NAME = LocalGuide;
			};
			name = Release;
		};
/* End XCBuildConfiguration section */

/* Begin XCConfigurationList section */
		FF8011882F1682F100E18390 /* Build configuration list for PBXProject "LocalGuide" */ = {
			isa = XCConfigurationList;
			buildConfigurations = (
				FF8011AF2F1682F200E18390 /* Debug */,
				FF8011B02F1682F200E18390 /* Release */,
			);
			defaultConfigurationIsVisible = 0;
			defaultConfigurationName = Release;
		};
		FF8011B12F1682F200E18390 /* Build configuration list for PBXNativeTarget "LocalGuide" */ = {
			isa = XCConfigurationList;
			buildConfigurations = (
				FF8011B22F1682F200E18390 /* Debug */,
				FF8011B32F1682F200E18390 /* Release */,
			);
			defaultConfigurationIsVisible = 0;
			defaultConfigurationName = Release;
		};
		FF8011B42F1682F200E18390 /* Build configuration list for PBXNativeTarget "LocalGuideTests" */ = {
			isa = XCConfigurationList;
			buildConfigurations = (
				FF8011B52F1682F200E18390 /* Debug */,
				FF8011B62F1682F200E18390 /* Release */,
			);
			defaultConfigurationIsVisible = 0;
			defaultConfigurationName = Release;
		};
		FF8011B72F1682F200E18390 /* Build configuration list for PBXNativeTarget "LocalGuideUITests" */ = {
			isa = XCConfigurationList;
			buildConfigurations = (
				FF8011B82F1682F200E18390 /* Debug */,
				FF8011B92F1682F200E18390 /* Release */,
			);
			defaultConfigurationIsVisible = 0;
			defaultConfigurationName = Release;
		};
/* End XCConfigurationList section */

/* Begin XCRemoteSwiftPackageReference section */
		FF8012CC2F16AEAA00E18390 /* XCRemoteSwiftPackageReference "firebase-ios-sdk" */ = {
			isa = XCRemoteSwiftPackageReference;
			repositoryURL = "https://github.com/firebase/firebase-ios-sdk";
			requirement = {
				kind = upToNextMajorVersion;
				minimumVersion = 12.7.0;
			};
		};
		FF8012FB2F16C42600E18390 /* XCRemoteSwiftPackageReference "stripe-ios" */ = {
			isa = XCRemoteSwiftPackageReference;
			repositoryURL = "https://github.com/stripe/stripe-ios";
			requirement = {
				kind = upToNextMajorVersion;
				minimumVersion = 25.4.0;
			};
		};
		FFA81A222F1AC12F004D9CA4 /* XCRemoteSwiftPackageReference "ios-maps-sdk" */ = {
			isa = XCRemoteSwiftPackageReference;
			repositoryURL = "https://github.com/googlemaps/ios-maps-sdk";
			requirement = {
				kind = upToNextMajorVersion;
				minimumVersion = 10.7.0;
			};
		};
/* End XCRemoteSwiftPackageReference section */

/* Begin XCSwiftPackageProductDependency section */
		FF8012CD2F16AEAA00E18390 /* FirebaseAI */ = {
			isa = XCSwiftPackageProductDependency;
			package = FF8012CC2F16AEAA00E18390 /* XCRemoteSwiftPackageReference "firebase-ios-sdk" */;
			productName = FirebaseAI;
		};
		FF8012CF2F16AEAA00E18390 /* FirebaseAILogic */ = {
			isa = XCSwiftPackageProductDependency;
			package = FF8012CC2F16AEAA00E18390 /* XCRemoteSwiftPackageReference "firebase-ios-sdk" */;
			productName = FirebaseAILogic;
		};
		FF8012D12F16AEAA00E18390 /* FirebaseAnalytics */ = {
			isa = XCSwiftPackageProductDependency;
			package = FF8012CC2F16AEAA00E18390 /* XCRemoteSwiftPackageReference "firebase-ios-sdk" */;
			productName = FirebaseAnalytics;
		};
		FF8012D32F16AEAA00E18390 /* FirebaseAnalyticsCore */ = {
			isa = XCSwiftPackageProductDependency;
			package = FF8012CC2F16AEAA00E18390 /* XCRemoteSwiftPackageReference "firebase-ios-sdk" */;
			productName = FirebaseAnalyticsCore;
		};
		FF8012D52F16AEAA00E18390 /* FirebaseAnalyticsIdentitySupport */ = {
			isa = XCSwiftPackageProductDependency;
			package = FF8012CC2F16AEAA00E18390 /* XCRemoteSwiftPackageReference "firebase-ios-sdk" */;
			productName = FirebaseAnalyticsIdentitySupport;
		};
		FF8012D72F16AEAA00E18390 /* FirebaseAppCheck */ = {
			isa = XCSwiftPackageProductDependency;
			package = FF8012CC2F16AEAA00E18390 /* XCRemoteSwiftPackageReference "firebase-ios-sdk" */;
			productName = FirebaseAppCheck;
		};
		FF8012D92F16AEAA00E18390 /* FirebaseAppDistribution-Beta */ = {
			isa = XCSwiftPackageProductDependency;
			package = FF8012CC2F16AEAA00E18390 /* XCRemoteSwiftPackageReference "firebase-ios-sdk" */;
			productName = "FirebaseAppDistribution-Beta";
		};
		FF8012DB2F16AEAA00E18390 /* FirebaseAuth */ = {
			isa = XCSwiftPackageProductDependency;
			package = FF8012CC2F16AEAA00E18390 /* XCRemoteSwiftPackageReference "firebase-ios-sdk" */;
			productName = FirebaseAuth;
		};
		FF8012DD2F16AEAA00E18390 /* FirebaseAuthCombine-Community */ = {
			isa = XCSwiftPackageProductDependency;
			package = FF8012CC2F16AEAA00E18390 /* XCRemoteSwiftPackageReference "firebase-ios-sdk" */;
			productName = "FirebaseAuthCombine-Community";
		};
		FF8012DF2F16AEAA00E18390 /* FirebaseCore */ = {
			isa = XCSwiftPackageProductDependency;
			package = FF8012CC2F16AEAA00E18390 /* XCRemoteSwiftPackageReference "firebase-ios-sdk" */;
			productName = FirebaseCore;
		};
		FF8012E12F16AEAA00E18390 /* FirebaseDatabase */ = {
			isa = XCSwiftPackageProductDependency;
			package = FF8012CC2F16AEAA00E18390 /* XCRemoteSwiftPackageReference "firebase-ios-sdk" */;
			productName = FirebaseDatabase;
		};
		FF8012E32F16AEAA00E18390 /* FirebaseFirestore */ = {
			isa = XCSwiftPackageProductDependency;
			package = FF8012CC2F16AEAA00E18390 /* XCRemoteSwiftPackageReference "firebase-ios-sdk" */;
			productName = FirebaseFirestore;
		};
		FF8012E52F16AEAA00E18390 /* FirebaseFirestoreCombine-Community */ = {
			isa = XCSwiftPackageProductDependency;
			package = FF8012CC2F16AEAA00E18390 /* XCRemoteSwiftPackageReference "firebase-ios-sdk" */;
			productName = "FirebaseFirestoreCombine-Community";
		};
		FF8012E72F16AEAA00E18390 /* FirebaseFunctions */ = {
			isa = XCSwiftPackageProductDependency;
			package = FF8012CC2F16AEAA00E18390 /* XCRemoteSwiftPackageReference "firebase-ios-sdk" */;
			productName = FirebaseFunctions;
		};
		FF8012E92F16AEAA00E18390 /* FirebaseFunctionsCombine-Community */ = {
			isa = XCSwiftPackageProductDependency;
			package = FF8012CC2F16AEAA00E18390 /* XCRemoteSwiftPackageReference "firebase-ios-sdk" */;
			productName = "FirebaseFunctionsCombine-Community";
		};
		FF8012EB2F16AEAA00E18390 /* FirebaseInAppMessaging-Beta */ = {
			isa = XCSwiftPackageProductDependency;
			package = FF8012CC2F16AEAA00E18390 /* XCRemoteSwiftPackageReference "firebase-ios-sdk" */;
			productName = "FirebaseInAppMessaging-Beta";
		};
		FF8012ED2F16AEAA00E18390 /* FirebaseInstallations */ = {
			isa = XCSwiftPackageProductDependency;
			package = FF8012CC2F16AEAA00E18390 /* XCRemoteSwiftPackageReference "firebase-ios-sdk" */;
			productName = FirebaseInstallations;
		};
		FF8012EF2F16AEAA00E18390 /* FirebaseMLModelDownloader */ = {
			isa = XCSwiftPackageProductDependency;
			package = FF8012CC2F16AEAA00E18390 /* XCRemoteSwiftPackageReference "firebase-ios-sdk" */;
			productName = FirebaseMLModelDownloader;
		};
		FF8012F12F16AEAA00E18390 /* FirebaseMessaging */ = {
			isa = XCSwiftPackageProductDependency;
			package = FF8012CC2F16AEAA00E18390 /* XCRemoteSwiftPackageReference "firebase-ios-sdk" */;
			productName = FirebaseMessaging;
		};
		FF8012F32F16AEAA00E18390 /* FirebasePerformance */ = {
			isa = XCSwiftPackageProductDependency;
			package = FF8012CC2F16AEAA00E18390 /* XCRemoteSwiftPackageReference "firebase-ios-sdk" */;
			productName = FirebasePerformance;
		};
		FF8012F52F16AEAA00E18390 /* FirebaseRemoteConfig */ = {
			isa = XCSwiftPackageProductDependency;
			package = FF8012CC2F16AEAA00E18390 /* XCRemoteSwiftPackageReference "firebase-ios-sdk" */;
			productName = FirebaseRemoteConfig;
		};
		FF8012F72F16AEAA00E18390 /* FirebaseStorage */ = {
			isa = XCSwiftPackageProductDependency;
			package = FF8012CC2F16AEAA00E18390 /* XCRemoteSwiftPackageReference "firebase-ios-sdk" */;
			productName = FirebaseStorage;
		};
		FF8012F92F16AEAA00E18390 /* FirebaseStorageCombine-Community */ = {
			isa = XCSwiftPackageProductDependency;
			package = FF8012CC2F16AEAA00E18390 /* XCRemoteSwiftPackageReference "firebase-ios-sdk" */;
			productName = "FirebaseStorageCombine-Community";
		};
		FF8012FC2F16C42600E18390 /* Stripe */ = {
			isa = XCSwiftPackageProductDependency;
			package = FF8012FB2F16C42600E18390 /* XCRemoteSwiftPackageReference "stripe-ios" */;
			productName = Stripe;
		};
		FF8012FE2F16C42600E18390 /* StripeApplePay */ = {
			isa = XCSwiftPackageProductDependency;
			package = FF8012FB2F16C42600E18390 /* XCRemoteSwiftPackageReference "stripe-ios" */;
			productName = StripeApplePay;
		};
		FF8013002F16C42600E18390 /* StripeCardScan */ = {
			isa = XCSwiftPackageProductDependency;
			package = FF8012FB2F16C42600E18390 /* XCRemoteSwiftPackageReference "stripe-ios" */;
			productName = StripeCardScan;
		};
		FF8013022F16C42600E18390 /* StripeConnect */ = {
			isa = XCSwiftPackageProductDependency;
			package = FF8012FB2F16C42600E18390 /* XCRemoteSwiftPackageReference "stripe-ios" */;
			productName = StripeConnect;
		};
		FF8013042F16C42600E18390 /* StripeFinancialConnections */ = {
			isa = XCSwiftPackageProductDependency;
			package = FF8012FB2F16C42600E18390 /* XCRemoteSwiftPackageReference "stripe-ios" */;
			productName = StripeFinancialConnections;
		};
		FF8013062F16C42600E18390 /* StripeIdentity */ = {
			isa = XCSwiftPackageProductDependency;
			package = FF8012FB2F16C42600E18390 /* XCRemoteSwiftPackageReference "stripe-ios" */;
			productName = StripeIdentity;
		};
		FF8013082F16C42600E18390 /* StripePaymentSheet */ = {
			isa = XCSwiftPackageProductDependency;
			package = FF8012FB2F16C42600E18390 /* XCRemoteSwiftPackageReference "stripe-ios" */;
			productName = StripePaymentSheet;
		};
		FF80130A2F16C42600E18390 /* StripePayments */ = {
			isa = XCSwiftPackageProductDependency;
			package = FF8012FB2F16C42600E18390 /* XCRemoteSwiftPackageReference "stripe-ios" */;
			productName = StripePayments;
		};
		FF80130C2F16C42600E18390 /* StripePaymentsUI */ = {
			isa = XCSwiftPackageProductDependency;
			package = FF8012FB2F16C42600E18390 /* XCRemoteSwiftPackageReference "stripe-ios" */;
			productName = StripePaymentsUI;
		};
/* End XCSwiftPackageProductDependency section */
	};
	rootObject = FF8011852F1682F100E18390 /* Project object */;
}
